
Microsoft Visual Studio Solution File, Format Version 12.00
# Visual Studio 15
VisualStudioVersion = 15.0.28010.2016
MinimumVisualStudioVersion = 10.0.40219.1
Project("{8BC9CEB8-8B4A-11D0-8D11-00A0C91BC942}") = "이분검색", "이분검색\이분검색.vcxproj", "{E3F20785-9FF9-45D5-9A08-90D1490A7D66}"
EndProject
Global
	GlobalSection(SolutionConfigurationPlatforms) = preSolution
		Debug|x64 = Debug|x64
		Debug|x86 = Debug|x86
		Release|x64 = Release|x64
		Release|x86 = Release|x86
	EndGlobalSection
	GlobalSection(ProjectConfigurationPlatforms) = postSolution
		{E3F20785-9FF9-45D5-9A08-90D1490A7D66}.Debug|x64.ActiveCfg = Debug|x64
		{E3F20785-9FF9-45D5-9A08-90D1490A7D66}.Debug|x64.Build.0 = Debug|x64
		{E3F20785-9FF9-45D5-9A08-90D1490A7D66}.Debug|x86.ActiveCfg = Debug|Win32
		{E3F20785-9FF9-45D5-9A08-90D1490A7D66}.Debug|x86.Build.0 = Debug|Win32
		{E3F20785-9FF9-45D5-9A08-90D1490A7D66}.Release|x64.ActiveCfg = Release|x64
		{E3F20785-9FF9-45D5-9A08-90D1490A7D66}.Release|x64.Build.0 = Release|x64
		{E3F20785-9FF9-45D5-9A08-90D1490A7D66}.Release|x86.ActiveCfg = Release|Win32
		{E3F20785-9FF9-45D5-9A08-90D1490A7D66}.Release|x86.Build.0 = Release|Win32
	EndGlobalSection
	GlobalSection(SolutionProperties) = preSolution
		HideSolutionNode = FALSE
	EndGlobalSection
	GlobalSection(ExtensibilityGlobals) = postSolution
		SolutionGuid = {528DE6A5-AF46-4659-87E8-2E5F229660C5}
	EndGlobalSection
EndGlobal
